// !$*UTF8*$!
{
	archiveVersion = 1;
	classes = {
	};
	objectVersion = 55;
	objects = {

/* Begin PBXBuildFile section */
		EE11F24128C3AE8200D090DE /* AppDelegate.swift in Sources */ = {isa = PBXBuildFile; fileRef = EE11F24028C3AE8200D090DE /* AppDelegate.swift */; };
		EE11F24328C3AE8200D090DE /* SceneDelegate.swift in Sources */ = {isa = PBXBuildFile; fileRef = EE11F24228C3AE8200D090DE /* SceneDelegate.swift */; };
		EE11F24A28C3AE8500D090DE /* Assets.xcassets in Resources */ = {isa = PBXBuildFile; fileRef = EE11F24928C3AE8500D090DE /* Assets.xcassets */; };
		EE11F24D28C3AE8500D090DE /* LaunchScreen.storyboard in Resources */ = {isa = PBXBuildFile; fileRef = EE11F24B28C3AE8500D090DE /* LaunchScreen.storyboard */; };
		EE11F25528C4985200D090DE /* SearchVC.swift in Sources */ = {isa = PBXBuildFile; fileRef = EE11F25428C4985200D090DE /* SearchVC.swift */; };
		EE11F25728C4987C00D090DE /* FavouritesListVC.swift in Sources */ = {isa = PBXBuildFile; fileRef = EE11F25628C4987C00D090DE /* FavouritesListVC.swift */; };
		EE11F25928C4A02600D090DE /* GFButton.swift in Sources */ = {isa = PBXBuildFile; fileRef = EE11F25828C4A02600D090DE /* GFButton.swift */; };
		EE11F25B28C4A34D00D090DE /* GFTextField.swift in Sources */ = {isa = PBXBuildFile; fileRef = EE11F25A28C4A34D00D090DE /* GFTextField.swift */; };
		EE6D144328CCC50100D6EC57 /* GFItemInfoView.swift in Sources */ = {isa = PBXBuildFile; fileRef = EE6D144228CCC50100D6EC57 /* GFItemInfoView.swift */; };
		EE6D144528CCE4FB00D6EC57 /* GFItemInfoVC.swift in Sources */ = {isa = PBXBuildFile; fileRef = EE6D144428CCE4FB00D6EC57 /* GFItemInfoVC.swift */; };
		EE6D144728CCE86A00D6EC57 /* GFRepoItemVC.swift in Sources */ = {isa = PBXBuildFile; fileRef = EE6D144628CCE86A00D6EC57 /* GFRepoItemVC.swift */; };
		EE6D144928CCEAAC00D6EC57 /* GFFollowerItemVC.swift in Sources */ = {isa = PBXBuildFile; fileRef = EE6D144828CCEAAC00D6EC57 /* GFFollowerItemVC.swift */; };
		EE6D144C28CCED3D00D6EC57 /* Date+ext.swift in Sources */ = {isa = PBXBuildFile; fileRef = EE6D144B28CCED3D00D6EC57 /* Date+ext.swift */; };
		EE6D145028CD06E100D6EC57 /* PersistenceManager.swift in Sources */ = {isa = PBXBuildFile; fileRef = EE6D144F28CD06E100D6EC57 /* PersistenceManager.swift */; };
		EE6D145228CDE89A00D6EC57 /* FavouriteCell.swift in Sources */ = {isa = PBXBuildFile; fileRef = EE6D145128CDE89A00D6EC57 /* FavouriteCell.swift */; };
		EE6D145528CDF58E00D6EC57 /* GFTabBarController.swift in Sources */ = {isa = PBXBuildFile; fileRef = EE6D145428CDF58E00D6EC57 /* GFTabBarController.swift */; };
		EE6D147328CE026600D6EC57 /* GFAlertContainerView.swift in Sources */ = {isa = PBXBuildFile; fileRef = EE6D147228CE026600D6EC57 /* GFAlertContainerView.swift */; };
		EEB8B51528C4BFD600E1039B /* FollowerListVC.swift in Sources */ = {isa = PBXBuildFile; fileRef = EEB8B51428C4BFD600E1039B /* FollowerListVC.swift */; };
		EEB8B51728C505EA00E1039B /* GFTitleLabel.swift in Sources */ = {isa = PBXBuildFile; fileRef = EEB8B51628C505EA00E1039B /* GFTitleLabel.swift */; };
		EEB8B51928C5079C00E1039B /* GFBodyLabel.swift in Sources */ = {isa = PBXBuildFile; fileRef = EEB8B51828C5079C00E1039B /* GFBodyLabel.swift */; };
		EEB8B51B28C5087B00E1039B /* GFAlertVC.swift in Sources */ = {isa = PBXBuildFile; fileRef = EEB8B51A28C5087B00E1039B /* GFAlertVC.swift */; };
		EEB8B51D28C50F9A00E1039B /* UIViewController+Ext.swift in Sources */ = {isa = PBXBuildFile; fileRef = EEB8B51C28C50F9A00E1039B /* UIViewController+Ext.swift */; };
		EEB8B52428C5197C00E1039B /* Follower.swift in Sources */ = {isa = PBXBuildFile; fileRef = EEB8B52328C5197C00E1039B /* Follower.swift */; };
		EEB8B52628C51A3F00E1039B /* User.swift in Sources */ = {isa = PBXBuildFile; fileRef = EEB8B52528C51A3F00E1039B /* User.swift */; };
		EEB8B52928C51FEB00E1039B /* NetworkManager.swift in Sources */ = {isa = PBXBuildFile; fileRef = EEB8B52828C51FEB00E1039B /* NetworkManager.swift */; };
		EEB8B52F28C66E0A00E1039B /* FollowerCell.swift in Sources */ = {isa = PBXBuildFile; fileRef = EEB8B52E28C66E0A00E1039B /* FollowerCell.swift */; };
		EEB8B53128C66EA000E1039B /* GFAvatarImageView.swift in Sources */ = {isa = PBXBuildFile; fileRef = EEB8B53028C66EA000E1039B /* GFAvatarImageView.swift */; };
		EEB8B53328C693CB00E1039B /* UIHelper.swift in Sources */ = {isa = PBXBuildFile; fileRef = EEB8B53228C693CB00E1039B /* UIHelper.swift */; };
		EEB8B53B28CA7C9100E1039B /* GFEmptyStateView.swift in Sources */ = {isa = PBXBuildFile; fileRef = EEB8B53A28CA7C9100E1039B /* GFEmptyStateView.swift */; };
		EEB8B53D28CC959300E1039B /* UserInfoVC.swift in Sources */ = {isa = PBXBuildFile; fileRef = EEB8B53C28CC959300E1039B /* UserInfoVC.swift */; };
		EEB8B53F28CCA0BB00E1039B /* GFError.swift in Sources */ = {isa = PBXBuildFile; fileRef = EEB8B53E28CCA0BB00E1039B /* GFError.swift */; };
		EEB8B54128CCA4DD00E1039B /* GFUserInfoHeaderVC.swift in Sources */ = {isa = PBXBuildFile; fileRef = EEB8B54028CCA4DD00E1039B /* GFUserInfoHeaderVC.swift */; };
		EEB8B54328CCA54900E1039B /* GFSecondaryTitleLabel.swift in Sources */ = {isa = PBXBuildFile; fileRef = EEB8B54228CCA54900E1039B /* GFSecondaryTitleLabel.swift */; };
		EEB8B54528CCAE4800E1039B /* Constants.swift in Sources */ = {isa = PBXBuildFile; fileRef = EEB8B54428CCAE4800E1039B /* Constants.swift */; };
/* End PBXBuildFile section */

/* Begin PBXFileReference section */
		EE11F23D28C3AE8200D090DE /* GHFollowers.app */ = {isa = PBXFileReference; explicitFileType = wrapper.application; includeInIndex = 0; path = GHFollowers.app; sourceTree = BUILT_PRODUCTS_DIR; };
		EE11F24028C3AE8200D090DE /* AppDelegate.swift */ = {isa = PBXFileReference; lastKnownFileType = sourcecode.swift; path = AppDelegate.swift; sourceTree = "<group>"; };
		EE11F24228C3AE8200D090DE /* SceneDelegate.swift */ = {isa = PBXFileReference; lastKnownFileType = sourcecode.swift; path = SceneDelegate.swift; sourceTree = "<group>"; };
		EE11F24928C3AE8500D090DE /* Assets.xcassets */ = {isa = PBXFileReference; lastKnownFileType = folder.assetcatalog; path = Assets.xcassets; sourceTree = "<group>"; };
		EE11F24C28C3AE8500D090DE /* Base */ = {isa = PBXFileReference; lastKnownFileType = file.storyboard; name = Base; path = Base.lproj/LaunchScreen.storyboard; sourceTree = "<group>"; };
		EE11F24E28C3AE8500D090DE /* Info.plist */ = {isa = PBXFileReference; lastKnownFileType = text.plist.xml; path = Info.plist; sourceTree = "<group>"; };
		EE11F25428C4985200D090DE /* SearchVC.swift */ = {isa = PBXFileReference; lastKnownFileType = sourcecode.swift; path = SearchVC.swift; sourceTree = "<group>"; };
		EE11F25628C4987C00D090DE /* FavouritesListVC.swift */ = {isa = PBXFileReference; lastKnownFileType = sourcecode.swift; path = FavouritesListVC.swift; sourceTree = "<group>"; };
		EE11F25828C4A02600D090DE /* GFButton.swift */ = {isa = PBXFileReference; lastKnownFileType = sourcecode.swift; path = GFButton.swift; sourceTree = "<group>"; };
		EE11F25A28C4A34D00D090DE /* GFTextField.swift */ = {isa = PBXFileReference; lastKnownFileType = sourcecode.swift; path = GFTextField.swift; sourceTree = "<group>"; };
		EE6D144228CCC50100D6EC57 /* GFItemInfoView.swift */ = {isa = PBXFileReference; lastKnownFileType = sourcecode.swift; path = GFItemInfoView.swift; sourceTree = "<group>"; };
		EE6D144428CCE4FB00D6EC57 /* GFItemInfoVC.swift */ = {isa = PBXFileReference; lastKnownFileType = sourcecode.swift; path = GFItemInfoVC.swift; sourceTree = "<group>"; };
		EE6D144628CCE86A00D6EC57 /* GFRepoItemVC.swift */ = {isa = PBXFileReference; lastKnownFileType = sourcecode.swift; path = GFRepoItemVC.swift; sourceTree = "<group>"; };
		EE6D144828CCEAAC00D6EC57 /* GFFollowerItemVC.swift */ = {isa = PBXFileReference; lastKnownFileType = sourcecode.swift; path = GFFollowerItemVC.swift; sourceTree = "<group>"; };
		EE6D144B28CCED3D00D6EC57 /* Date+ext.swift */ = {isa = PBXFileReference; lastKnownFileType = sourcecode.swift; path = "Date+ext.swift"; sourceTree = "<group>"; };
		EE6D144F28CD06E100D6EC57 /* PersistenceManager.swift */ = {isa = PBXFileReference; lastKnownFileType = sourcecode.swift; path = PersistenceManager.swift; sourceTree = "<group>"; };
		EE6D145128CDE89A00D6EC57 /* FavouriteCell.swift */ = {isa = PBXFileReference; lastKnownFileType = sourcecode.swift; path = FavouriteCell.swift; sourceTree = "<group>"; };
		EE6D145428CDF58E00D6EC57 /* GFTabBarController.swift */ = {isa = PBXFileReference; lastKnownFileType = sourcecode.swift; path = GFTabBarController.swift; sourceTree = "<group>"; };
		EE6D147228CE026600D6EC57 /* GFAlertContainerView.swift */ = {isa = PBXFileReference; lastKnownFileType = sourcecode.swift; path = GFAlertContainerView.swift; sourceTree = "<group>"; };
		EEB8B51428C4BFD600E1039B /* FollowerListVC.swift */ = {isa = PBXFileReference; lastKnownFileType = sourcecode.swift; path = FollowerListVC.swift; sourceTree = "<group>"; };
		EEB8B51628C505EA00E1039B /* GFTitleLabel.swift */ = {isa = PBXFileReference; lastKnownFileType = sourcecode.swift; path = GFTitleLabel.swift; sourceTree = "<group>"; };
		EEB8B51828C5079C00E1039B /* GFBodyLabel.swift */ = {isa = PBXFileReference; lastKnownFileType = sourcecode.swift; path = GFBodyLabel.swift; sourceTree = "<group>"; };
		EEB8B51A28C5087B00E1039B /* GFAlertVC.swift */ = {isa = PBXFileReference; lastKnownFileType = sourcecode.swift; path = GFAlertVC.swift; sourceTree = "<group>"; };
		EEB8B51C28C50F9A00E1039B /* UIViewController+Ext.swift */ = {isa = PBXFileReference; lastKnownFileType = sourcecode.swift; path = "UIViewController+Ext.swift"; sourceTree = "<group>"; };
		EEB8B52328C5197C00E1039B /* Follower.swift */ = {isa = PBXFileReference; lastKnownFileType = sourcecode.swift; path = Follower.swift; sourceTree = "<group>"; };
		EEB8B52528C51A3F00E1039B /* User.swift */ = {isa = PBXFileReference; lastKnownFileType = sourcecode.swift; path = User.swift; sourceTree = "<group>"; };
		EEB8B52828C51FEB00E1039B /* NetworkManager.swift */ = {isa = PBXFileReference; lastKnownFileType = sourcecode.swift; path = NetworkManager.swift; sourceTree = "<group>"; };
		EEB8B52E28C66E0A00E1039B /* FollowerCell.swift */ = {isa = PBXFileReference; lastKnownFileType = sourcecode.swift; path = FollowerCell.swift; sourceTree = "<group>"; };
		EEB8B53028C66EA000E1039B /* GFAvatarImageView.swift */ = {isa = PBXFileReference; lastKnownFileType = sourcecode.swift; path = GFAvatarImageView.swift; sourceTree = "<group>"; };
		EEB8B53228C693CB00E1039B /* UIHelper.swift */ = {isa = PBXFileReference; lastKnownFileType = sourcecode.swift; path = UIHelper.swift; sourceTree = "<group>"; };
		EEB8B53A28CA7C9100E1039B /* GFEmptyStateView.swift */ = {isa = PBXFileReference; lastKnownFileType = sourcecode.swift; path = GFEmptyStateView.swift; sourceTree = "<group>"; };
		EEB8B53C28CC959300E1039B /* UserInfoVC.swift */ = {isa = PBXFileReference; lastKnownFileType = sourcecode.swift; path = UserInfoVC.swift; sourceTree = "<group>"; };
		EEB8B53E28CCA0BB00E1039B /* GFError.swift */ = {isa = PBXFileReference; lastKnownFileType = sourcecode.swift; path = GFError.swift; sourceTree = "<group>"; };
		EEB8B54028CCA4DD00E1039B /* GFUserInfoHeaderVC.swift */ = {isa = PBXFileReference; lastKnownFileType = sourcecode.swift; path = GFUserInfoHeaderVC.swift; sourceTree = "<group>"; };
		EEB8B54228CCA54900E1039B /* GFSecondaryTitleLabel.swift */ = {isa = PBXFileReference; lastKnownFileType = sourcecode.swift; path = GFSecondaryTitleLabel.swift; sourceTree = "<group>"; };
		EEB8B54428CCAE4800E1039B /* Constants.swift */ = {isa = PBXFileReference; lastKnownFileType = sourcecode.swift; path = Constants.swift; sourceTree = "<group>"; };
/* End PBXFileReference section */

/* Begin PBXFrameworksBuildPhase section */
		EE11F23A28C3AE8200D090DE /* Frameworks */ = {
			isa = PBXFrameworksBuildPhase;
			buildActionMask = 2147483647;
			files = (
			);
			runOnlyForDeploymentPostprocessing = 0;
		};
/* End PBXFrameworksBuildPhase section */

/* Begin PBXGroup section */
		EE11F23428C3AE8200D090DE = {
			isa = PBXGroup;
			children = (
				EE11F23F28C3AE8200D090DE /* GHFollowers */,
				EE11F23E28C3AE8200D090DE /* Products */,
			);
			sourceTree = "<group>";
		};
		EE11F23E28C3AE8200D090DE /* Products */ = {
			isa = PBXGroup;
			children = (
				EE11F23D28C3AE8200D090DE /* GHFollowers.app */,
			);
			name = Products;
			sourceTree = "<group>";
		};
		EE11F23F28C3AE8200D090DE /* GHFollowers */ = {
			isa = PBXGroup;
			children = (
				EEB8B52A28C52B3200E1039B /* Utilities */,
				EEB8B52728C51FE000E1039B /* Managers */,
				EEB8B52228C5196D00E1039B /* Model */,
				EEB8B51F28C5127200E1039B /* Custom Views */,
				EEB8B51E28C5124D00E1039B /* Screens */,
				EEB8B52028C5130500E1039B /* Extensions */,
				EEB8B52128C5136300E1039B /* Support */,
				EE11F24E28C3AE8500D090DE /* Info.plist */,
			);
			path = GHFollowers;
			sourceTree = "<group>";
		};
		EE6D144A28CCEB0F00D6EC57 /* ItemInfoVCs */ = {
			isa = PBXGroup;
			children = (
				EE6D144428CCE4FB00D6EC57 /* GFItemInfoVC.swift */,
				EE6D144628CCE86A00D6EC57 /* GFRepoItemVC.swift */,
				EE6D144828CCEAAC00D6EC57 /* GFFollowerItemVC.swift */,
			);
			path = ItemInfoVCs;
			sourceTree = "<group>";
		};
		EE6D145328CDF57500D6EC57 /* TabBarControllers */ = {
			isa = PBXGroup;
			children = (
				EE6D145428CDF58E00D6EC57 /* GFTabBarController.swift */,
			);
			path = TabBarControllers;
			sourceTree = "<group>";
		};
		EEB8B51E28C5124D00E1039B /* Screens */ = {
			isa = PBXGroup;
			children = (
				EE11F25428C4985200D090DE /* SearchVC.swift */,
				EEB8B51428C4BFD600E1039B /* FollowerListVC.swift */,
				EE11F25628C4987C00D090DE /* FavouritesListVC.swift */,
				EEB8B53C28CC959300E1039B /* UserInfoVC.swift */,
			);
			path = Screens;
			sourceTree = "<group>";
		};
		EEB8B51F28C5127200E1039B /* Custom Views */ = {
			isa = PBXGroup;
			children = (
				EE6D145328CDF57500D6EC57 /* TabBarControllers */,
				EEB8B53928CA7C6900E1039B /* Labels */,
				EEB8B53828CA7C4700E1039B /* ViewControllers */,
				EEB8B53728CA7C3A00E1039B /* ImageViews */,
				EEB8B53628CA7C3300E1039B /* TextFields */,
				EEB8B53528CA7C2C00E1039B /* Buttons */,
				EEB8B53428CA7C2400E1039B /* Views */,
				EEB8B52D28C66DDC00E1039B /* Cells */,
			);
			path = "Custom Views";
			sourceTree = "<group>";
		};
		EEB8B52028C5130500E1039B /* Extensions */ = {
			isa = PBXGroup;
			children = (
				EEB8B51C28C50F9A00E1039B /* UIViewController+Ext.swift */,
				EE6D144B28CCED3D00D6EC57 /* Date+ext.swift */,
			);
			path = Extensions;
			sourceTree = "<group>";
		};
		EEB8B52128C5136300E1039B /* Support */ = {
			isa = PBXGroup;
			children = (
				EE11F24028C3AE8200D090DE /* AppDelegate.swift */,
				EE11F24228C3AE8200D090DE /* SceneDelegate.swift */,
				EE11F24928C3AE8500D090DE /* Assets.xcassets */,
				EE11F24B28C3AE8500D090DE /* LaunchScreen.storyboard */,
			);
			path = Support;
			sourceTree = "<group>";
		};
		EEB8B52228C5196D00E1039B /* Model */ = {
			isa = PBXGroup;
			children = (
				EEB8B52328C5197C00E1039B /* Follower.swift */,
				EEB8B52528C51A3F00E1039B /* User.swift */,
			);
			path = Model;
			sourceTree = "<group>";
		};
		EEB8B52728C51FE000E1039B /* Managers */ = {
			isa = PBXGroup;
			children = (
				EEB8B52828C51FEB00E1039B /* NetworkManager.swift */,
				EE6D144F28CD06E100D6EC57 /* PersistenceManager.swift */,
			);
			path = Managers;
			sourceTree = "<group>";
		};
		EEB8B52A28C52B3200E1039B /* Utilities */ = {
			isa = PBXGroup;
			children = (
				EEB8B53228C693CB00E1039B /* UIHelper.swift */,
				EEB8B53E28CCA0BB00E1039B /* GFError.swift */,
				EEB8B54428CCAE4800E1039B /* Constants.swift */,
			);
			path = Utilities;
			sourceTree = "<group>";
		};
		EEB8B52D28C66DDC00E1039B /* Cells */ = {
			isa = PBXGroup;
			children = (
				EEB8B52E28C66E0A00E1039B /* FollowerCell.swift */,
				EE6D145128CDE89A00D6EC57 /* FavouriteCell.swift */,
			);
			path = Cells;
			sourceTree = "<group>";
		};
		EEB8B53428CA7C2400E1039B /* Views */ = {
			isa = PBXGroup;
			children = (
				EEB8B53A28CA7C9100E1039B /* GFEmptyStateView.swift */,
				EE6D144228CCC50100D6EC57 /* GFItemInfoView.swift */,
				EE6D147228CE026600D6EC57 /* GFAlertContainerView.swift */,
			);
			path = Views;
			sourceTree = "<group>";
		};
		EEB8B53528CA7C2C00E1039B /* Buttons */ = {
			isa = PBXGroup;
			children = (
				EE11F25828C4A02600D090DE /* GFButton.swift */,
			);
			path = Buttons;
			sourceTree = "<group>";
		};
		EEB8B53628CA7C3300E1039B /* TextFields */ = {
			isa = PBXGroup;
			children = (
				EE11F25A28C4A34D00D090DE /* GFTextField.swift */,
			);
			path = TextFields;
			sourceTree = "<group>";
		};
		EEB8B53728CA7C3A00E1039B /* ImageViews */ = {
			isa = PBXGroup;
			children = (
				EEB8B53028C66EA000E1039B /* GFAvatarImageView.swift */,
			);
			path = ImageViews;
			sourceTree = "<group>";
		};
		EEB8B53828CA7C4700E1039B /* ViewControllers */ = {
			isa = PBXGroup;
			children = (
				EE6D144A28CCEB0F00D6EC57 /* ItemInfoVCs */,
				EEB8B51A28C5087B00E1039B /* GFAlertVC.swift */,
				EEB8B54028CCA4DD00E1039B /* GFUserInfoHeaderVC.swift */,
			);
			path = ViewControllers;
			sourceTree = "<group>";
		};
		EEB8B53928CA7C6900E1039B /* Labels */ = {
			isa = PBXGroup;
			children = (
				EEB8B51628C505EA00E1039B /* GFTitleLabel.swift */,
				EEB8B51828C5079C00E1039B /* GFBodyLabel.swift */,
				EEB8B54228CCA54900E1039B /* GFSecondaryTitleLabel.swift */,
			);
			path = Labels;
			sourceTree = "<group>";
		};
/* End PBXGroup section */

/* Begin PBXNativeTarget section */
		EE11F23C28C3AE8200D090DE /* GHFollowers */ = {
			isa = PBXNativeTarget;
			buildConfigurationList = EE11F25128C3AE8500D090DE /* Build configuration list for PBXNativeTarget "GHFollowers" */;
			buildPhases = (
				EE11F23928C3AE8200D090DE /* Sources */,
				EE11F23A28C3AE8200D090DE /* Frameworks */,
				EE11F23B28C3AE8200D090DE /* Resources */,
			);
			buildRules = (
			);
			dependencies = (
			);
			name = GHFollowers;
			productName = GHFollowers;
			productReference = EE11F23D28C3AE8200D090DE /* GHFollowers.app */;
			productType = "com.apple.product-type.application";
		};
/* End PBXNativeTarget section */

/* Begin PBXProject section */
		EE11F23528C3AE8200D090DE /* Project object */ = {
			isa = PBXProject;
			attributes = {
				BuildIndependentTargetsInParallel = 1;
				LastSwiftUpdateCheck = 1340;
				LastUpgradeCheck = 1340;
				TargetAttributes = {
					EE11F23C28C3AE8200D090DE = {
						CreatedOnToolsVersion = 13.4.1;
					};
				};
			};
			buildConfigurationList = EE11F23828C3AE8200D090DE /* Build configuration list for PBXProject "GHFollowers" */;
			compatibilityVersion = "Xcode 13.0";
			developmentRegion = en;
			hasScannedForEncodings = 0;
			knownRegions = (
				en,
				Base,
			);
			mainGroup = EE11F23428C3AE8200D090DE;
			productRefGroup = EE11F23E28C3AE8200D090DE /* Products */;
			projectDirPath = "";
			projectRoot = "";
			targets = (
				EE11F23C28C3AE8200D090DE /* GHFollowers */,
			);
		};
/* End PBXProject section */

/* Begin PBXResourcesBuildPhase section */
		EE11F23B28C3AE8200D090DE /* Resources */ = {
			isa = PBXResourcesBuildPhase;
			buildActionMask = 2147483647;
			files = (
				EE11F24D28C3AE8500D090DE /* LaunchScreen.storyboard in Resources */,
				EE11F24A28C3AE8500D090DE /* Assets.xcassets in Resources */,
			);
			runOnlyForDeploymentPostprocessing = 0;
		};
/* End PBXResourcesBuildPhase section */

/* Begin PBXSourcesBuildPhase section */
		EE11F23928C3AE8200D090DE /* Sources */ = {
			isa = PBXSourcesBuildPhase;
			buildActionMask = 2147483647;
			files = (
				EE6D145228CDE89A00D6EC57 /* FavouriteCell.swift in Sources */,
				EEB8B52628C51A3F00E1039B /* User.swift in Sources */,
				EE11F25B28C4A34D00D090DE /* GFTextField.swift in Sources */,
				EE11F25528C4985200D090DE /* SearchVC.swift in Sources */,
				EE11F25928C4A02600D090DE /* GFButton.swift in Sources */,
				EEB8B51D28C50F9A00E1039B /* UIViewController+Ext.swift in Sources */,
				EEB8B53328C693CB00E1039B /* UIHelper.swift in Sources */,
				EE6D144528CCE4FB00D6EC57 /* GFItemInfoVC.swift in Sources */,
				EEB8B54528CCAE4800E1039B /* Constants.swift in Sources */,
				EEB8B53128C66EA000E1039B /* GFAvatarImageView.swift in Sources */,
				EE11F24128C3AE8200D090DE /* AppDelegate.swift in Sources */,
				EEB8B51B28C5087B00E1039B /* GFAlertVC.swift in Sources */,
				EE6D144928CCEAAC00D6EC57 /* GFFollowerItemVC.swift in Sources */,
				EE6D144328CCC50100D6EC57 /* GFItemInfoView.swift in Sources */,
				EEB8B52F28C66E0A00E1039B /* FollowerCell.swift in Sources */,
				EEB8B51928C5079C00E1039B /* GFBodyLabel.swift in Sources */,
				EE6D145528CDF58E00D6EC57 /* GFTabBarController.swift in Sources */,
				EEB8B54128CCA4DD00E1039B /* GFUserInfoHeaderVC.swift in Sources */,
				EEB8B53F28CCA0BB00E1039B /* GFError.swift in Sources */,
				EEB8B52428C5197C00E1039B /* Follower.swift in Sources */,
				EE6D147328CE026600D6EC57 /* GFAlertContainerView.swift in Sources */,
				EEB8B51728C505EA00E1039B /* GFTitleLabel.swift in Sources */,
				EEB8B54328CCA54900E1039B /* GFSecondaryTitleLabel.swift in Sources */,
				EE6D145028CD06E100D6EC57 /* PersistenceManager.swift in Sources */,
				EEB8B53B28CA7C9100E1039B /* GFEmptyStateView.swift in Sources */,
				EEB8B52928C51FEB00E1039B /* NetworkManager.swift in Sources */,
				EEB8B51528C4BFD600E1039B /* FollowerListVC.swift in Sources */,
				EE11F25728C4987C00D090DE /* FavouritesListVC.swift in Sources */,
				EE11F24328C3AE8200D090DE /* SceneDelegate.swift in Sources */,
				EE6D144728CCE86A00D6EC57 /* GFRepoItemVC.swift in Sources */,
				EEB8B53D28CC959300E1039B /* UserInfoVC.swift in Sources */,
				EE6D144C28CCED3D00D6EC57 /* Date+ext.swift in Sources */,
			);
			runOnlyForDeploymentPostprocessing = 0;
		};
/* End PBXSourcesBuildPhase section */

/* Begin PBXVariantGroup section */
		EE11F24B28C3AE8500D090DE /* LaunchScreen.storyboard */ = {
			isa = PBXVariantGroup;
			children = (
				EE11F24C28C3AE8500D090DE /* Base */,
			);
			name = LaunchScreen.storyboard;
			sourceTree = "<group>";
		};
/* End PBXVariantGroup section */

/* Begin XCBuildConfiguration section */
		EE11F24F28C3AE8500D090DE /* Debug */ = {
			isa = XCBuildConfiguration;
			buildSettings = {
				ALWAYS_SEARCH_USER_PATHS = NO;
				CLANG_ANALYZER_NONNULL = YES;
				CLANG_ANALYZER_NUMBER_OBJECT_CONVERSION = YES_AGGRESSIVE;
				CLANG_CXX_LANGUAGE_STANDARD = "gnu++17";
				CLANG_ENABLE_MODULES = YES;
				CLANG_ENABLE_OBJC_ARC = YES;
				CLANG_ENABLE_OBJC_WEAK = YES;
				CLANG_WARN_BLOCK_CAPTURE_AUTORELEASING = YES;
				CLANG_WARN_BOOL_CONVERSION = YES;
				CLANG_WARN_COMMA = YES;
				CLANG_WARN_CONSTANT_CONVERSION = YES;
				CLANG_WARN_DEPRECATED_OBJC_IMPLEMENTATIONS = YES;
				CLANG_WARN_DIRECT_OBJC_ISA_USAGE = YES_ERROR;
				CLANG_WARN_DOCUMENTATION_COMMENTS = YES;
				CLANG_WARN_EMPTY_BODY = YES;
				CLANG_WARN_ENUM_CONVERSION = YES;
				CLANG_WARN_INFINITE_RECURSION = YES;
				CLANG_WARN_INT_CONVERSION = YES;
				CLANG_WARN_NON_LITERAL_NULL_CONVERSION = YES;
				CLANG_WARN_OBJC_IMPLICIT_RETAIN_SELF = YES;
				CLANG_WARN_OBJC_LITERAL_CONVERSION = YES;
				CLANG_WARN_OBJC_ROOT_CLASS = YES_ERROR;
				CLANG_WARN_QUOTED_INCLUDE_IN_FRAMEWORK_HEADER = YES;
				CLANG_WARN_RANGE_LOOP_ANALYSIS = YES;
				CLANG_WARN_STRICT_PROTOTYPES = YES;
				CLANG_WARN_SUSPICIOUS_MOVE = YES;
				CLANG_WARN_UNGUARDED_AVAILABILITY = YES_AGGRESSIVE;
				CLANG_WARN_UNREACHABLE_CODE = YES;
				CLANG_WARN__DUPLICATE_METHOD_MATCH = YES;
				COPY_PHASE_STRIP = NO;
				DEBUG_INFORMATION_FORMAT = dwarf;
				ENABLE_STRICT_OBJC_MSGSEND = YES;
				ENABLE_TESTABILITY = YES;
				GCC_C_LANGUAGE_STANDARD = gnu11;
				GCC_DYNAMIC_NO_PIC = NO;
				GCC_NO_COMMON_BLOCKS = YES;
				GCC_OPTIMIZATION_LEVEL = 0;
				GCC_PREPROCESSOR_DEFINITIONS = (
					"DEBUG=1",
					"$(inherited)",
				);
				GCC_WARN_64_TO_32_BIT_CONVERSION = YES;
				GCC_WARN_ABOUT_RETURN_TYPE = YES_ERROR;
				GCC_WARN_UNDECLARED_SELECTOR = YES;
				GCC_WARN_UNINITIALIZED_AUTOS = YES_AGGRESSIVE;
				GCC_WARN_UNUSED_FUNCTION = YES;
				GCC_WARN_UNUSED_VARIABLE = YES;
				IPHONEOS_DEPLOYMENT_TARGET = 15.5;
				MTL_ENABLE_DEBUG_INFO = INCLUDE_SOURCE;
				MTL_FAST_MATH = YES;
				ONLY_ACTIVE_ARCH = YES;
				SDKROOT = iphoneos;
				SWIFT_ACTIVE_COMPILATION_CONDITIONS = DEBUG;
				SWIFT_OPTIMIZATION_LEVEL = "-Onone";
			};
			name = Debug;
		};
		EE11F25028C3AE8500D090DE /* Release */ = {
			isa = XCBuildConfiguration;
			buildSettings = {
				ALWAYS_SEARCH_USER_PATHS = NO;
				CLANG_ANALYZER_NONNULL = YES;
				CLANG_ANALYZER_NUMBER_OBJECT_CONVERSION = YES_AGGRESSIVE;
				CLANG_CXX_LANGUAGE_STANDARD = "gnu++17";
				CLANG_ENABLE_MODULES = YES;
				CLANG_ENABLE_OBJC_ARC = YES;
				CLANG_ENABLE_OBJC_WEAK = YES;
				CLANG_WARN_BLOCK_CAPTURE_AUTORELEASING = YES;
				CLANG_WARN_BOOL_CONVERSION = YES;
				CLANG_WARN_COMMA = YES;
				CLANG_WARN_CONSTANT_CONVERSION = YES;
				CLANG_WARN_DEPRECATED_OBJC_IMPLEMENTATIONS = YES;
				CLANG_WARN_DIRECT_OBJC_ISA_USAGE = YES_ERROR;
				CLANG_WARN_DOCUMENTATION_COMMENTS = YES;
				CLANG_WARN_EMPTY_BODY = YES;
				CLANG_WARN_ENUM_CONVERSION = YES;
				CLANG_WARN_INFINITE_RECURSION = YES;
				CLANG_WARN_INT_CONVERSION = YES;
				CLANG_WARN_NON_LITERAL_NULL_CONVERSION = YES;
				CLANG_WARN_OBJC_IMPLICIT_RETAIN_SELF = YES;
				CLANG_WARN_OBJC_LITERAL_CONVERSION = YES;
				CLANG_WARN_OBJC_ROOT_CLASS = YES_ERROR;
				CLANG_WARN_QUOTED_INCLUDE_IN_FRAMEWORK_HEADER = YES;
				CLANG_WARN_RANGE_LOOP_ANALYSIS = YES;
				CLANG_WARN_STRICT_PROTOTYPES = YES;
				CLANG_WARN_SUSPICIOUS_MOVE = YES;
				CLANG_WARN_UNGUARDED_AVAILABILITY = YES_AGGRESSIVE;
				CLANG_WARN_UNREACHABLE_CODE = YES;
				CLANG_WARN__DUPLICATE_METHOD_MATCH = YES;
				COPY_PHASE_STRIP = NO;
				DEBUG_INFORMATION_FORMAT = "dwarf-with-dsym";
				ENABLE_NS_ASSERTIONS = NO;
				ENABLE_STRICT_OBJC_MSGSEND = YES;
				GCC_C_LANGUAGE_STANDARD = gnu11;
				GCC_NO_COMMON_BLOCKS = YES;
				GCC_WARN_64_TO_32_BIT_CONVERSION = YES;
				GCC_WARN_ABOUT_RETURN_TYPE = YES_ERROR;
				GCC_WARN_UNDECLARED_SELECTOR = YES;
				GCC_WARN_UNINITIALIZED_AUTOS = YES_AGGRESSIVE;
				GCC_WARN_UNUSED_FUNCTION = YES;
				GCC_WARN_UNUSED_VARIABLE = YES;
				IPHONEOS_DEPLOYMENT_TARGET = 15.5;
				MTL_ENABLE_DEBUG_INFO = NO;
				MTL_FAST_MATH = YES;
				SDKROOT = iphoneos;
				SWIFT_COMPILATION_MODE = wholemodule;
				SWIFT_OPTIMIZATION_LEVEL = "-O";
				VALIDATE_PRODUCT = YES;
			};
			name = Release;
		};
		EE11F25228C3AE8500D090DE /* Debug */ = {
			isa = XCBuildConfiguration;
			buildSettings = {
				ASSETCATALOG_COMPILER_APPICON_NAME = AppIcon;
				ASSETCATALOG_COMPILER_GLOBAL_ACCENT_COLOR_NAME = AccentColor;
				CODE_SIGN_STYLE = Automatic;
				CURRENT_PROJECT_VERSION = 1;
				DEVELOPMENT_TEAM = VZ5R657T48;
				GENERATE_INFOPLIST_FILE = YES;
				INFOPLIST_FILE = GHFollowers/Info.plist;
				INFOPLIST_KEY_UIApplicationSupportsIndirectInputEvents = YES;
				INFOPLIST_KEY_UILaunchStoryboardName = LaunchScreen;
				INFOPLIST_KEY_UISupportedInterfaceOrientations = UIInterfaceOrientationPortrait;
				INFOPLIST_KEY_UISupportedInterfaceOrientations_iPad = "UIInterfaceOrientationPortrait UIInterfaceOrientationPortraitUpsideDown UIInterfaceOrientationLandscapeLeft UIInterfaceOrientationLandscapeRight";
				INFOPLIST_KEY_UISupportedInterfaceOrientations_iPhone = "UIInterfaceOrientationPortrait UIInterfaceOrientationLandscapeLeft UIInterfaceOrientationLandscapeRight";
				LD_RUNPATH_SEARCH_PATHS = (
					"$(inherited)",
					"@executable_path/Frameworks",
				);
				MARKETING_VERSION = 1.0;
				PRODUCT_BUNDLE_IDENTIFIER = AaronArcher.GHFollowers;
				PRODUCT_NAME = "$(TARGET_NAME)";
				SWIFT_EMIT_LOC_STRINGS = YES;
				SWIFT_VERSION = 5.0;
				TARGETED_DEVICE_FAMILY = 1;
			};
			name = Debug;
		};
		EE11F25328C3AE8500D090DE /* Release */ = {
			isa = XCBuildConfiguration;
			buildSettings = {
				ASSETCATALOG_COMPILER_APPICON_NAME = AppIcon;
				ASSETCATALOG_COMPILER_GLOBAL_ACCENT_COLOR_NAME = AccentColor;
				CODE_SIGN_STYLE = Automatic;
				CURRENT_PROJECT_VERSION = 1;
				DEVELOPMENT_TEAM = VZ5R657T48;
				GENERATE_INFOPLIST_FILE = YES;
				INFOPLIST_FILE = GHFollowers/Info.plist;
				INFOPLIST_KEY_UIApplicationSupportsIndirectInputEvents = YES;
				INFOPLIST_KEY_UILaunchStoryboardName = LaunchScreen;
				INFOPLIST_KEY_UISupportedInterfaceOrientations = UIInterfaceOrientationPortrait;
				INFOPLIST_KEY_UISupportedInterfaceOrientations_iPad = "UIInterfaceOrientationPortrait UIInterfaceOrientationPortraitUpsideDown UIInterfaceOrientationLandscapeLeft UIInterfaceOrientationLandscapeRight";
				INFOPLIST_KEY_UISupportedInterfaceOrientations_iPhone = "UIInterfaceOrientationPortrait UIInterfaceOrientationLandscapeLeft UIInterfaceOrientationLandscapeRight";
				LD_RUNPATH_SEARCH_PATHS = (
					"$(inherited)",
					"@executable_path/Frameworks",
				);
				MARKETING_VERSION = 1.0;
				PRODUCT_BUNDLE_IDENTIFIER = AaronArcher.GHFollowers;
				PRODUCT_NAME = "$(TARGET_NAME)";
				SWIFT_EMIT_LOC_STRINGS = YES;
				SWIFT_VERSION = 5.0;
				TARGETED_DEVICE_FAMILY = 1;
			};
			name = Release;
		};
/* End XCBuildConfiguration section */

/* Begin XCConfigurationList section */
		EE11F23828C3AE8200D090DE /* Build configuration list for PBXProject "GHFollowers" */ = {
			isa = XCConfigurationList;
			buildConfigurations = (
				EE11F24F28C3AE8500D090DE /* Debug */,
				EE11F25028C3AE8500D090DE /* Release */,
			);
			defaultConfigurationIsVisible = 0;
			defaultConfigurationName = Release;
		};
		EE11F25128C3AE8500D090DE /* Build configuration list for PBXNativeTarget "GHFollowers" */ = {
			isa = XCConfigurationList;
			buildConfigurations = (
				EE11F25228C3AE8500D090DE /* Debug */,
				EE11F25328C3AE8500D090DE /* Release */,
			);
			defaultConfigurationIsVisible = 0;
			defaultConfigurationName = Release;
		};
/* End XCConfigurationList section */
	};
	rootObject = EE11F23528C3AE8200D090DE /* Project object */;
}
